// !$*UTF8*$!
{
	archiveVersion = 1;
	classes = {
	};
	objectVersion = 46;
	objects = {

/* Begin PBXBuildFile section */
		A117BED11A238E4200C53D65 /* ContentfulModelGenerator in Resources */ = {isa = PBXBuildFile; fileRef = A117BED01A238E4200C53D65 /* ContentfulModelGenerator */; };
		A117BED61A23995C00C53D65 /* SystemConfiguration.framework in Frameworks */ = {isa = PBXBuildFile; fileRef = A1604DDE1A137085003F916D /* SystemConfiguration.framework */; };
		A13C067E1A26014F00C8F657 /* DJActivityIndicator.m in Sources */ = {isa = PBXBuildFile; fileRef = A13C06771A26014F00C8F657 /* DJActivityIndicator.m */; };
		A13C067F1A26014F00C8F657 /* DJBezierPath.m in Sources */ = {isa = PBXBuildFile; fileRef = A13C06791A26014F00C8F657 /* DJBezierPath.m */; };
		A13C06801A26014F00C8F657 /* DJProgressHUD.m in Sources */ = {isa = PBXBuildFile; fileRef = A13C067B1A26014F00C8F657 /* DJProgressHUD.m */; };
		A13C06811A26014F00C8F657 /* DJProgressIndicator.m in Sources */ = {isa = PBXBuildFile; fileRef = A13C067D1A26014F00C8F657 /* DJProgressIndicator.m */; };
		A13C06871A2626A400C8F657 /* SSKeychain.m in Sources */ = {isa = PBXBuildFile; fileRef = A13C06841A2626A400C8F657 /* SSKeychain.m */; };
		A13C06881A2626A400C8F657 /* SSKeychainQuery.m in Sources */ = {isa = PBXBuildFile; fileRef = A13C06861A2626A400C8F657 /* SSKeychainQuery.m */; };
		A1604E1F1A14DC1B003F916D /* main.swift in Sources */ = {isa = PBXBuildFile; fileRef = A1604E1E1A14DC1B003F916D /* main.swift */; };
		A1604E3C1A14EF1B003F916D /* ContentfulModelGenerator.m in Sources */ = {isa = PBXBuildFile; fileRef = A1DB6A7E1A10DE0E00F6E5C5 /* ContentfulModelGenerator.m */; };
		A1604E481A15027C003F916D /* SystemConfiguration.framework in Frameworks */ = {isa = PBXBuildFile; fileRef = A1604DDE1A137085003F916D /* SystemConfiguration.framework */; };
		A1B77EAB1C2076B000948DE5 /* ArgumentConvertible.swift in Sources */ = {isa = PBXBuildFile; fileRef = A1B77EA31C2076B000948DE5 /* ArgumentConvertible.swift */; };
		A1B77EAC1C2076B000948DE5 /* ArgumentDescription.swift in Sources */ = {isa = PBXBuildFile; fileRef = A1B77EA41C2076B000948DE5 /* ArgumentDescription.swift */; };
		A1B77EAD1C2076B000948DE5 /* ArgumentParser.swift in Sources */ = {isa = PBXBuildFile; fileRef = A1B77EA51C2076B000948DE5 /* ArgumentParser.swift */; };
		A1B77EAE1C2076B000948DE5 /* Command.swift in Sources */ = {isa = PBXBuildFile; fileRef = A1B77EA61C2076B000948DE5 /* Command.swift */; };
		A1B77EAF1C2076B000948DE5 /* CommandRunner.swift in Sources */ = {isa = PBXBuildFile; fileRef = A1B77EA71C2076B000948DE5 /* CommandRunner.swift */; };
		A1B77EB11C2076B000948DE5 /* CommandType.swift in Sources */ = {isa = PBXBuildFile; fileRef = A1B77EA91C2076B000948DE5 /* CommandType.swift */; };
		A1B77EB21C2076B000948DE5 /* Group.swift in Sources */ = {isa = PBXBuildFile; fileRef = A1B77EAA1C2076B000948DE5 /* Group.swift */; };
		A1B77EB61C20778100948DE5 /* EntitySerializer.swift in Sources */ = {isa = PBXBuildFile; fileRef = A1B77EB31C20778100948DE5 /* EntitySerializer.swift */; };
		A1B77EB71C20778100948DE5 /* ModelSerializer.swift in Sources */ = {isa = PBXBuildFile; fileRef = A1B77EB41C20778100948DE5 /* ModelSerializer.swift */; };
		A1B77EB81C20778100948DE5 /* XMLTools.swift in Sources */ = {isa = PBXBuildFile; fileRef = A1B77EB51C20778100948DE5 /* XMLTools.swift */; };
		A1B77EBD1C20779400948DE5 /* ECoXiS.swift in Sources */ = {isa = PBXBuildFile; fileRef = A1B77EB91C20779400948DE5 /* ECoXiS.swift */; };
		A1B77EBE1C20779400948DE5 /* Model.swift in Sources */ = {isa = PBXBuildFile; fileRef = A1B77EBA1C20779400948DE5 /* Model.swift */; };
		A1B77EBF1C20779400948DE5 /* StringCreation.swift in Sources */ = {isa = PBXBuildFile; fileRef = A1B77EBB1C20779400948DE5 /* StringCreation.swift */; };
		A1B77EC01C20779400948DE5 /* Utilities.swift in Sources */ = {isa = PBXBuildFile; fileRef = A1B77EBC1C20779400948DE5 /* Utilities.swift */; };
		A1B77EC41C207B7C00948DE5 /* FileHandle.swift in Sources */ = {isa = PBXBuildFile; fileRef = A1B77EC31C207B7C00948DE5 /* FileHandle.swift */; };
		A1B77EC91C207B8C00948DE5 /* Files.swift in Sources */ = {isa = PBXBuildFile; fileRef = A1B77EC51C207B8C00948DE5 /* Files.swift */; };
		A1B77ECA1C207B8C00948DE5 /* Pipes.swift in Sources */ = {isa = PBXBuildFile; fileRef = A1B77EC61C207B8C00948DE5 /* Pipes.swift */; };
		A1B77ECB1C207B8C00948DE5 /* Stream.swift in Sources */ = {isa = PBXBuildFile; fileRef = A1B77EC71C207B8C00948DE5 /* Stream.swift */; };
		A1B77ECC1C207B8C00948DE5 /* String.swift in Sources */ = {isa = PBXBuildFile; fileRef = A1B77EC81C207B8C00948DE5 /* String.swift */; };
		A1CD7B6B1A24CE61009CF393 /* XcodeProjectManipulation.m in Sources */ = {isa = PBXBuildFile; fileRef = A1CD7B691A24CE4E009CF393 /* XcodeProjectManipulation.m */; };
		A1DB6A501A10CE9500F6E5C5 /* AppKit.framework in Frameworks */ = {isa = PBXBuildFile; fileRef = A1DB6A4F1A10CE9500F6E5C5 /* AppKit.framework */; };
		A1DB6A521A10CE9500F6E5C5 /* Foundation.framework in Frameworks */ = {isa = PBXBuildFile; fileRef = A1DB6A511A10CE9500F6E5C5 /* Foundation.framework */; };
		A1DB6A5A1A10CE9500F6E5C5 /* ContentfulPlugin.m in Sources */ = {isa = PBXBuildFile; fileRef = A1DB6A591A10CE9500F6E5C5 /* ContentfulPlugin.m */; };
		A1DB6A6E1A10DAF100F6E5C5 /* ContentTypeSelectionDialog.m in Sources */ = {isa = PBXBuildFile; fileRef = A1DB6A6C1A10DAF100F6E5C5 /* ContentTypeSelectionDialog.m */; };
		A1DB6A6F1A10DAF100F6E5C5 /* ContentTypeSelectionDialog.xib in Resources */ = {isa = PBXBuildFile; fileRef = A1DB6A6D1A10DAF100F6E5C5 /* ContentTypeSelectionDialog.xib */; };
		A1EB3C8E1C5FB3D500B4B645 /* libPods-ContentfulModelGenerator.a in Frameworks */ = {isa = PBXBuildFile; fileRef = BAF77B4A9BA90550AB215F45 /* libPods-ContentfulModelGenerator.a */; };
		A1FB1CBD1A9647AF00ACE078 /* BBUSegmentTracker.m in Sources */ = {isa = PBXBuildFile; fileRef = A1FB1CBC1A9647AF00ACE078 /* BBUSegmentTracker.m */; };
		DED7C6CF88A65F0ADA2CFF7B /* libPods-ContentfulModelGenerator.a in Frameworks */ = {isa = PBXBuildFile; fileRef = BAF77B4A9BA90550AB215F45 /* libPods-ContentfulModelGenerator.a */; };
/* End PBXBuildFile section */

/* Begin PBXCopyFilesBuildPhase section */
		A1604E1A1A14DC1B003F916D /* CopyFiles */ = {
			isa = PBXCopyFilesBuildPhase;
			buildActionMask = 2147483647;
			dstPath = /usr/share/man/man1/;
			dstSubfolderSpec = 0;
			files = (
			);
			runOnlyForDeploymentPostprocessing = 1;
		};
/* End PBXCopyFilesBuildPhase section */

/* Begin PBXFileReference section */
		3CB8D5FDCA27AB089A758488 /* libPods-ContentfulPlugin.a */ = {isa = PBXFileReference; explicitFileType = archive.ar; includeInIndex = 0; path = "libPods-ContentfulPlugin.a"; sourceTree = BUILT_PRODUCTS_DIR; };
		5CF20D27CF7AAD1D7E583C79 /* Pods-ContentfulPlugin.release.xcconfig */ = {isa = PBXFileReference; includeInIndex = 1; lastKnownFileType = text.xcconfig; name = "Pods-ContentfulPlugin.release.xcconfig"; path = "Pods/Target Support Files/Pods-ContentfulPlugin/Pods-ContentfulPlugin.release.xcconfig"; sourceTree = "<group>"; };
		64D05EB3EB92A288E05E68A0 /* Pods-ContentfulPlugin.debug.xcconfig */ = {isa = PBXFileReference; includeInIndex = 1; lastKnownFileType = text.xcconfig; name = "Pods-ContentfulPlugin.debug.xcconfig"; path = "Pods/Target Support Files/Pods-ContentfulPlugin/Pods-ContentfulPlugin.debug.xcconfig"; sourceTree = "<group>"; };
		A117BED01A238E4200C53D65 /* ContentfulModelGenerator */ = {isa = PBXFileReference; lastKnownFileType = "compiled.mach-o.executable"; path = ContentfulModelGenerator; sourceTree = "<group>"; };
		A117BED21A2398D500C53D65 /* ContentfulDeliveryAPI.framework */ = {isa = PBXFileReference; lastKnownFileType = wrapper.framework; name = ContentfulDeliveryAPI.framework; path = Resources/ContentfulDeliveryAPI.framework; sourceTree = "<group>"; };
		A117BED31A2398D500C53D65 /* ContentfulManagementAPI.framework */ = {isa = PBXFileReference; lastKnownFileType = wrapper.framework; name = ContentfulManagementAPI.framework; path = Resources/ContentfulManagementAPI.framework; sourceTree = "<group>"; };
		A13C06761A26014F00C8F657 /* DJActivityIndicator.h */ = {isa = PBXFileReference; fileEncoding = 4; lastKnownFileType = sourcecode.c.h; name = DJActivityIndicator.h; path = vendor/DJProgressHUD/DJProgressHUD/DJActivityIndicator.h; sourceTree = SOURCE_ROOT; };
		A13C06771A26014F00C8F657 /* DJActivityIndicator.m */ = {isa = PBXFileReference; fileEncoding = 4; lastKnownFileType = sourcecode.c.objc; name = DJActivityIndicator.m; path = vendor/DJProgressHUD/DJProgressHUD/DJActivityIndicator.m; sourceTree = SOURCE_ROOT; };
		A13C06781A26014F00C8F657 /* DJBezierPath.h */ = {isa = PBXFileReference; fileEncoding = 4; lastKnownFileType = sourcecode.c.h; name = DJBezierPath.h; path = vendor/DJProgressHUD/DJProgressHUD/DJBezierPath.h; sourceTree = SOURCE_ROOT; };
		A13C06791A26014F00C8F657 /* DJBezierPath.m */ = {isa = PBXFileReference; fileEncoding = 4; lastKnownFileType = sourcecode.c.objc; name = DJBezierPath.m; path = vendor/DJProgressHUD/DJProgressHUD/DJBezierPath.m; sourceTree = SOURCE_ROOT; };
		A13C067A1A26014F00C8F657 /* DJProgressHUD.h */ = {isa = PBXFileReference; fileEncoding = 4; lastKnownFileType = sourcecode.c.h; name = DJProgressHUD.h; path = vendor/DJProgressHUD/DJProgressHUD/DJProgressHUD.h; sourceTree = SOURCE_ROOT; };
		A13C067B1A26014F00C8F657 /* DJProgressHUD.m */ = {isa = PBXFileReference; fileEncoding = 4; lastKnownFileType = sourcecode.c.objc; name = DJProgressHUD.m; path = vendor/DJProgressHUD/DJProgressHUD/DJProgressHUD.m; sourceTree = SOURCE_ROOT; };
		A13C067C1A26014F00C8F657 /* DJProgressIndicator.h */ = {isa = PBXFileReference; fileEncoding = 4; lastKnownFileType = sourcecode.c.h; name = DJProgressIndicator.h; path = vendor/DJProgressHUD/DJProgressHUD/DJProgressIndicator.h; sourceTree = SOURCE_ROOT; };
		A13C067D1A26014F00C8F657 /* DJProgressIndicator.m */ = {isa = PBXFileReference; fileEncoding = 4; lastKnownFileType = sourcecode.c.objc; name = DJProgressIndicator.m; path = vendor/DJProgressHUD/DJProgressHUD/DJProgressIndicator.m; sourceTree = SOURCE_ROOT; };
		A13C06831A2626A400C8F657 /* SSKeychain.h */ = {isa = PBXFileReference; fileEncoding = 4; lastKnownFileType = sourcecode.c.h; name = SSKeychain.h; path = vendor/sskeychain/SSKeychain/SSKeychain.h; sourceTree = SOURCE_ROOT; };
		A13C06841A2626A400C8F657 /* SSKeychain.m */ = {isa = PBXFileReference; fileEncoding = 4; lastKnownFileType = sourcecode.c.objc; name = SSKeychain.m; path = vendor/sskeychain/SSKeychain/SSKeychain.m; sourceTree = SOURCE_ROOT; };
		A13C06851A2626A400C8F657 /* SSKeychainQuery.h */ = {isa = PBXFileReference; fileEncoding = 4; lastKnownFileType = sourcecode.c.h; name = SSKeychainQuery.h; path = vendor/sskeychain/SSKeychain/SSKeychainQuery.h; sourceTree = SOURCE_ROOT; };
		A13C06861A2626A400C8F657 /* SSKeychainQuery.m */ = {isa = PBXFileReference; fileEncoding = 4; lastKnownFileType = sourcecode.c.objc; name = SSKeychainQuery.m; path = vendor/sskeychain/SSKeychain/SSKeychainQuery.m; sourceTree = SOURCE_ROOT; };
		A1604DDE1A137085003F916D /* SystemConfiguration.framework */ = {isa = PBXFileReference; lastKnownFileType = wrapper.framework; name = SystemConfiguration.framework; path = System/Library/Frameworks/SystemConfiguration.framework; sourceTree = SDKROOT; };
		A1604E1C1A14DC1B003F916D /* ContentfulModelGenerator */ = {isa = PBXFileReference; explicitFileType = "compiled.mach-o.executable"; includeInIndex = 0; path = ContentfulModelGenerator; sourceTree = BUILT_PRODUCTS_DIR; };
		A1604E1E1A14DC1B003F916D /* main.swift */ = {isa = PBXFileReference; lastKnownFileType = sourcecode.swift; path = main.swift; sourceTree = "<group>"; };
		A1604E3E1A14FB51003F916D /* ContentfulModelGenerator-Bridge.h */ = {isa = PBXFileReference; lastKnownFileType = sourcecode.c.h; path = "ContentfulModelGenerator-Bridge.h"; sourceTree = "<group>"; };
		A1B77EA31C2076B000948DE5 /* ArgumentConvertible.swift */ = {isa = PBXFileReference; fileEncoding = 4; lastKnownFileType = sourcecode.swift; name = ArgumentConvertible.swift; path = vendor/CLIKit/Sources/ArgumentConvertible.swift; sourceTree = SOURCE_ROOT; };
		A1B77EA41C2076B000948DE5 /* ArgumentDescription.swift */ = {isa = PBXFileReference; fileEncoding = 4; lastKnownFileType = sourcecode.swift; name = ArgumentDescription.swift; path = vendor/CLIKit/Sources/ArgumentDescription.swift; sourceTree = SOURCE_ROOT; };
		A1B77EA51C2076B000948DE5 /* ArgumentParser.swift */ = {isa = PBXFileReference; fileEncoding = 4; lastKnownFileType = sourcecode.swift; name = ArgumentParser.swift; path = vendor/CLIKit/Sources/ArgumentParser.swift; sourceTree = SOURCE_ROOT; };
		A1B77EA61C2076B000948DE5 /* Command.swift */ = {isa = PBXFileReference; fileEncoding = 4; lastKnownFileType = sourcecode.swift; name = Command.swift; path = vendor/CLIKit/Sources/Command.swift; sourceTree = SOURCE_ROOT; };
		A1B77EA71C2076B000948DE5 /* CommandRunner.swift */ = {isa = PBXFileReference; fileEncoding = 4; lastKnownFileType = sourcecode.swift; name = CommandRunner.swift; path = vendor/CLIKit/Sources/CommandRunner.swift; sourceTree = SOURCE_ROOT; };
		A1B77EA91C2076B000948DE5 /* CommandType.swift */ = {isa = PBXFileReference; fileEncoding = 4; lastKnownFileType = sourcecode.swift; name = CommandType.swift; path = vendor/CLIKit/Sources/CommandType.swift; sourceTree = SOURCE_ROOT; };
		A1B77EAA1C2076B000948DE5 /* Group.swift */ = {isa = PBXFileReference; fileEncoding = 4; lastKnownFileType = sourcecode.swift; name = Group.swift; path = vendor/CLIKit/Sources/Group.swift; sourceTree = SOURCE_ROOT; };
		A1B77EB31C20778100948DE5 /* EntitySerializer.swift */ = {isa = PBXFileReference; fileEncoding = 4; lastKnownFileType = sourcecode.swift; name = EntitySerializer.swift; path = vendor/ManagedObjectModelSerializer/Code/EntitySerializer.swift; sourceTree = SOURCE_ROOT; };
		A1B77EB41C20778100948DE5 /* ModelSerializer.swift */ = {isa = PBXFileReference; fileEncoding = 4; lastKnownFileType = sourcecode.swift; name = ModelSerializer.swift; path = vendor/ManagedObjectModelSerializer/Code/ModelSerializer.swift; sourceTree = SOURCE_ROOT; };
		A1B77EB51C20778100948DE5 /* XMLTools.swift */ = {isa = PBXFileReference; fileEncoding = 4; lastKnownFileType = sourcecode.swift; name = XMLTools.swift; path = vendor/ManagedObjectModelSerializer/Code/XMLTools.swift; sourceTree = SOURCE_ROOT; };
		A1B77EB91C20779400948DE5 /* ECoXiS.swift */ = {isa = PBXFileReference; fileEncoding = 4; lastKnownFileType = sourcecode.swift; name = ECoXiS.swift; path = vendor/ManagedObjectModelSerializer/vendor/ECoXiS/ECoXiS/ECoXiS.swift; sourceTree = SOURCE_ROOT; };
		A1B77EBA1C20779400948DE5 /* Model.swift */ = {isa = PBXFileReference; fileEncoding = 4; lastKnownFileType = sourcecode.swift; name = Model.swift; path = vendor/ManagedObjectModelSerializer/vendor/ECoXiS/ECoXiS/Model.swift; sourceTree = SOURCE_ROOT; };
		A1B77EBB1C20779400948DE5 /* StringCreation.swift */ = {isa = PBXFileReference; fileEncoding = 4; lastKnownFileType = sourcecode.swift; name = StringCreation.swift; path = vendor/ManagedObjectModelSerializer/vendor/ECoXiS/ECoXiS/StringCreation.swift; sourceTree = SOURCE_ROOT; };
		A1B77EBC1C20779400948DE5 /* Utilities.swift */ = {isa = PBXFileReference; fileEncoding = 4; lastKnownFileType = sourcecode.swift; name = Utilities.swift; path = vendor/ManagedObjectModelSerializer/vendor/ECoXiS/ECoXiS/Utilities.swift; sourceTree = SOURCE_ROOT; };
		A1B77EC31C207B7C00948DE5 /* FileHandle.swift */ = {isa = PBXFileReference; fileEncoding = 4; lastKnownFileType = sourcecode.swift; name = FileHandle.swift; path = vendor/ManagedObjectModelSerializer/vendor/SwiftShell/SwiftShell/FileHandle.swift; sourceTree = SOURCE_ROOT; };
		A1B77EC51C207B8C00948DE5 /* Files.swift */ = {isa = PBXFileReference; fileEncoding = 4; lastKnownFileType = sourcecode.swift; name = Files.swift; path = vendor/ManagedObjectModelSerializer/vendor/SwiftShell/SwiftShell/Files.swift; sourceTree = SOURCE_ROOT; };
		A1B77EC61C207B8C00948DE5 /* Pipes.swift */ = {isa = PBXFileReference; fileEncoding = 4; lastKnownFileType = sourcecode.swift; name = Pipes.swift; path = vendor/ManagedObjectModelSerializer/vendor/SwiftShell/SwiftShell/Pipes.swift; sourceTree = SOURCE_ROOT; };
		A1B77EC71C207B8C00948DE5 /* Stream.swift */ = {isa = PBXFileReference; fileEncoding = 4; lastKnownFileType = sourcecode.swift; name = Stream.swift; path = vendor/ManagedObjectModelSerializer/vendor/SwiftShell/SwiftShell/Stream.swift; sourceTree = SOURCE_ROOT; };
		A1B77EC81C207B8C00948DE5 /* String.swift */ = {isa = PBXFileReference; fileEncoding = 4; lastKnownFileType = sourcecode.swift; name = String.swift; path = vendor/ManagedObjectModelSerializer/vendor/SwiftShell/SwiftShell/String.swift; sourceTree = SOURCE_ROOT; };
		A1CD7B681A24CE4E009CF393 /* XcodeProjectManipulation.h */ = {isa = PBXFileReference; fileEncoding = 4; lastKnownFileType = sourcecode.c.h; path = XcodeProjectManipulation.h; sourceTree = "<group>"; };
		A1CD7B691A24CE4E009CF393 /* XcodeProjectManipulation.m */ = {isa = PBXFileReference; fileEncoding = 4; lastKnownFileType = sourcecode.c.objc; path = XcodeProjectManipulation.m; sourceTree = "<group>"; };
		A1DB6A4C1A10CE9500F6E5C5 /* ContentfulPlugin.xcplugin */ = {isa = PBXFileReference; explicitFileType = wrapper.cfbundle; includeInIndex = 0; path = ContentfulPlugin.xcplugin; sourceTree = BUILT_PRODUCTS_DIR; };
		A1DB6A4F1A10CE9500F6E5C5 /* AppKit.framework */ = {isa = PBXFileReference; lastKnownFileType = wrapper.framework; name = AppKit.framework; path = /System/Library/Frameworks/AppKit.framework; sourceTree = "<absolute>"; };
		A1DB6A511A10CE9500F6E5C5 /* Foundation.framework */ = {isa = PBXFileReference; lastKnownFileType = wrapper.framework; name = Foundation.framework; path = /System/Library/Frameworks/Foundation.framework; sourceTree = "<absolute>"; };
		A1DB6A551A10CE9500F6E5C5 /* Info.plist */ = {isa = PBXFileReference; lastKnownFileType = text.plist.xml; path = Info.plist; sourceTree = "<group>"; };
		A1DB6A581A10CE9500F6E5C5 /* ContentfulPlugin.h */ = {isa = PBXFileReference; lastKnownFileType = sourcecode.c.h; path = ContentfulPlugin.h; sourceTree = "<group>"; };
		A1DB6A591A10CE9500F6E5C5 /* ContentfulPlugin.m */ = {isa = PBXFileReference; lastKnownFileType = sourcecode.c.objc; path = ContentfulPlugin.m; sourceTree = "<group>"; };
		A1DB6A6B1A10DAF100F6E5C5 /* ContentTypeSelectionDialog.h */ = {isa = PBXFileReference; fileEncoding = 4; lastKnownFileType = sourcecode.c.h; path = ContentTypeSelectionDialog.h; sourceTree = "<group>"; };
		A1DB6A6C1A10DAF100F6E5C5 /* ContentTypeSelectionDialog.m */ = {isa = PBXFileReference; fileEncoding = 4; lastKnownFileType = sourcecode.c.objc; path = ContentTypeSelectionDialog.m; sourceTree = "<group>"; };
		A1DB6A6D1A10DAF100F6E5C5 /* ContentTypeSelectionDialog.xib */ = {isa = PBXFileReference; fileEncoding = 4; lastKnownFileType = file.xib; path = ContentTypeSelectionDialog.xib; sourceTree = "<group>"; };
		A1DB6A7D1A10DE0E00F6E5C5 /* ContentfulModelGenerator.h */ = {isa = PBXFileReference; fileEncoding = 4; lastKnownFileType = sourcecode.c.h; path = ContentfulModelGenerator.h; sourceTree = "<group>"; };
		A1DB6A7E1A10DE0E00F6E5C5 /* ContentfulModelGenerator.m */ = {isa = PBXFileReference; fileEncoding = 4; lastKnownFileType = sourcecode.c.objc; path = ContentfulModelGenerator.m; sourceTree = "<group>"; };
		A1EB3C8C1C5FB3C700B4B645 /* libPods-ContentfulPlugin.a */ = {isa = PBXFileReference; lastKnownFileType = archive.ar; name = "libPods-ContentfulPlugin.a"; path = "Pods/../build/Debug/libPods-ContentfulPlugin.a"; sourceTree = "<group>"; };
		A1FB1CBB1A9647AF00ACE078 /* BBUSegmentTracker.h */ = {isa = PBXFileReference; fileEncoding = 4; lastKnownFileType = sourcecode.c.h; name = BBUSegmentTracker.h; path = "vendor/segmentio-simple/Pod/Classes/BBUSegmentTracker.h"; sourceTree = SOURCE_ROOT; };
		A1FB1CBC1A9647AF00ACE078 /* BBUSegmentTracker.m */ = {isa = PBXFileReference; fileEncoding = 4; lastKnownFileType = sourcecode.c.objc; name = BBUSegmentTracker.m; path = "vendor/segmentio-simple/Pod/Classes/BBUSegmentTracker.m"; sourceTree = SOURCE_ROOT; };
		BAF77B4A9BA90550AB215F45 /* libPods-ContentfulModelGenerator.a */ = {isa = PBXFileReference; explicitFileType = archive.ar; includeInIndex = 0; path = "libPods-ContentfulModelGenerator.a"; sourceTree = BUILT_PRODUCTS_DIR; };
		C48FF99824D2B350DD74FB8E /* Pods-ContentfulModelGenerator.debug.xcconfig */ = {isa = PBXFileReference; includeInIndex = 1; lastKnownFileType = text.xcconfig; name = "Pods-ContentfulModelGenerator.debug.xcconfig"; path = "Pods/Target Support Files/Pods-ContentfulModelGenerator/Pods-ContentfulModelGenerator.debug.xcconfig"; sourceTree = "<group>"; };
		DD57C74B0474C375139CE7F5 /* Pods-ContentfulModelGenerator.release.xcconfig */ = {isa = PBXFileReference; includeInIndex = 1; lastKnownFileType = text.xcconfig; name = "Pods-ContentfulModelGenerator.release.xcconfig"; path = "Pods/Target Support Files/Pods-ContentfulModelGenerator/Pods-ContentfulModelGenerator.release.xcconfig"; sourceTree = "<group>"; };
/* End PBXFileReference section */

/* Begin PBXFrameworksBuildPhase section */
		A1604E191A14DC1B003F916D /* Frameworks */ = {
			isa = PBXFrameworksBuildPhase;
			buildActionMask = 2147483647;
			files = (
				A1604E481A15027C003F916D /* SystemConfiguration.framework in Frameworks */,
				DED7C6CF88A65F0ADA2CFF7B /* libPods-ContentfulModelGenerator.a in Frameworks */,
			);
			runOnlyForDeploymentPostprocessing = 0;
		};
		A1DB6A4A1A10CE9500F6E5C5 /* Frameworks */ = {
			isa = PBXFrameworksBuildPhase;
			buildActionMask = 2147483647;
			files = (
				A1EB3C8E1C5FB3D500B4B645 /* libPods-ContentfulModelGenerator.a in Frameworks */,
				A117BED61A23995C00C53D65 /* SystemConfiguration.framework in Frameworks */,
				A1DB6A501A10CE9500F6E5C5 /* AppKit.framework in Frameworks */,
				A1DB6A521A10CE9500F6E5C5 /* Foundation.framework in Frameworks */,
			);
			runOnlyForDeploymentPostprocessing = 0;
		};
/* End PBXFrameworksBuildPhase section */

/* Begin PBXGroup section */
		65297FDFBB249D19CC216C1D /* Pods */ = {
			isa = PBXGroup;
			children = (
				C48FF99824D2B350DD74FB8E /* Pods-ContentfulModelGenerator.debug.xcconfig */,
				DD57C74B0474C375139CE7F5 /* Pods-ContentfulModelGenerator.release.xcconfig */,
				64D05EB3EB92A288E05E68A0 /* Pods-ContentfulPlugin.debug.xcconfig */,
				5CF20D27CF7AAD1D7E583C79 /* Pods-ContentfulPlugin.release.xcconfig */,
			);
			name = Pods;
			sourceTree = "<group>";
		};
		A13C06751A26013200C8F657 /* DJProgressHUD */ = {
			isa = PBXGroup;
			children = (
				A13C06761A26014F00C8F657 /* DJActivityIndicator.h */,
				A13C06771A26014F00C8F657 /* DJActivityIndicator.m */,
				A13C06781A26014F00C8F657 /* DJBezierPath.h */,
				A13C06791A26014F00C8F657 /* DJBezierPath.m */,
				A13C067A1A26014F00C8F657 /* DJProgressHUD.h */,
				A13C067B1A26014F00C8F657 /* DJProgressHUD.m */,
				A13C067C1A26014F00C8F657 /* DJProgressIndicator.h */,
				A13C067D1A26014F00C8F657 /* DJProgressIndicator.m */,
			);
			name = DJProgressHUD;
			sourceTree = "<group>";
		};
		A13C06821A26268600C8F657 /* SSKeychain */ = {
			isa = PBXGroup;
			children = (
				A13C06831A2626A400C8F657 /* SSKeychain.h */,
				A13C06841A2626A400C8F657 /* SSKeychain.m */,
				A13C06851A2626A400C8F657 /* SSKeychainQuery.h */,
				A13C06861A2626A400C8F657 /* SSKeychainQuery.m */,
			);
			name = SSKeychain;
			sourceTree = "<group>";
		};
		A1604E231A14EE1E003F916D /* MOMSerializer */ = {
			isa = PBXGroup;
			children = (
				A1B77EB91C20779400948DE5 /* ECoXiS.swift */,
				A1B77EB31C20778100948DE5 /* EntitySerializer.swift */,
				A1B77EC31C207B7C00948DE5 /* FileHandle.swift */,
				A1B77EC51C207B8C00948DE5 /* Files.swift */,
				A1B77EBA1C20779400948DE5 /* Model.swift */,
				A1B77EB41C20778100948DE5 /* ModelSerializer.swift */,
				A1B77EC61C207B8C00948DE5 /* Pipes.swift */,
				A1B77EC71C207B8C00948DE5 /* Stream.swift */,
				A1B77EC81C207B8C00948DE5 /* String.swift */,
				A1B77EBB1C20779400948DE5 /* StringCreation.swift */,
				A1B77EBC1C20779400948DE5 /* Utilities.swift */,
				A1B77EB51C20778100948DE5 /* XMLTools.swift */,
			);
			path = MOMSerializer;
			sourceTree = "<group>";
		};
		A1604E3F1A14FD0A003F916D /* CLIKit */ = {
			isa = PBXGroup;
			children = (
				A1B77EA31C2076B000948DE5 /* ArgumentConvertible.swift */,
				A1B77EA41C2076B000948DE5 /* ArgumentDescription.swift */,
				A1B77EA51C2076B000948DE5 /* ArgumentParser.swift */,
				A1B77EA61C2076B000948DE5 /* Command.swift */,
				A1B77EA71C2076B000948DE5 /* CommandRunner.swift */,
				A1B77EA91C2076B000948DE5 /* CommandType.swift */,
				A1B77EAA1C2076B000948DE5 /* Group.swift */,
			);
			name = CLIKit;
			sourceTree = "<group>";
		};
		A1DB6A431A10CE9500F6E5C5 = {
			isa = PBXGroup;
			children = (
				A1DB6A531A10CE9500F6E5C5 /* Code */,
				A1DB6A4E1A10CE9500F6E5C5 /* Frameworks */,
				65297FDFBB249D19CC216C1D /* Pods */,
				A1DB6A4D1A10CE9500F6E5C5 /* Products */,
				A1DB6A621A10D87000F6E5C5 /* Resources */,
				A1DB6A541A10CE9500F6E5C5 /* Supporting Files */,
			);
			sourceTree = "<group>";
		};
		A1DB6A4D1A10CE9500F6E5C5 /* Products */ = {
			isa = PBXGroup;
			children = (
				A1DB6A4C1A10CE9500F6E5C5 /* ContentfulPlugin.xcplugin */,
				A1604E1C1A14DC1B003F916D /* ContentfulModelGenerator */,
			);
			name = Products;
			sourceTree = "<group>";
		};
		A1DB6A4E1A10CE9500F6E5C5 /* Frameworks */ = {
			isa = PBXGroup;
			children = (
				A1EB3C8C1C5FB3C700B4B645 /* libPods-ContentfulPlugin.a */,
				A1DB6A4F1A10CE9500F6E5C5 /* AppKit.framework */,
				A117BED21A2398D500C53D65 /* ContentfulDeliveryAPI.framework */,
				A117BED31A2398D500C53D65 /* ContentfulManagementAPI.framework */,
				A1DB6A511A10CE9500F6E5C5 /* Foundation.framework */,
				A1604DDE1A137085003F916D /* SystemConfiguration.framework */,
				BAF77B4A9BA90550AB215F45 /* libPods-ContentfulModelGenerator.a */,
				3CB8D5FDCA27AB089A758488 /* libPods-ContentfulPlugin.a */,
			);
			name = Frameworks;
			sourceTree = "<group>";
		};
		A1DB6A531A10CE9500F6E5C5 /* Code */ = {
			isa = PBXGroup;
			children = (
				A1604E3F1A14FD0A003F916D /* CLIKit */,
				A13C06751A26013200C8F657 /* DJProgressHUD */,
				A1604E231A14EE1E003F916D /* MOMSerializer */,
				A1FB1CBA1A96479200ACE078 /* SegmentIO */,
				A13C06821A26268600C8F657 /* SSKeychain */,
				A1604E3E1A14FB51003F916D /* ContentfulModelGenerator-Bridge.h */,
				A1DB6A7D1A10DE0E00F6E5C5 /* ContentfulModelGenerator.h */,
				A1DB6A7E1A10DE0E00F6E5C5 /* ContentfulModelGenerator.m */,
				A1DB6A581A10CE9500F6E5C5 /* ContentfulPlugin.h */,
				A1DB6A591A10CE9500F6E5C5 /* ContentfulPlugin.m */,
				A1DB6A6B1A10DAF100F6E5C5 /* ContentTypeSelectionDialog.h */,
				A1DB6A6C1A10DAF100F6E5C5 /* ContentTypeSelectionDialog.m */,
				A1604E1E1A14DC1B003F916D /* main.swift */,
				A1CD7B681A24CE4E009CF393 /* XcodeProjectManipulation.h */,
				A1CD7B691A24CE4E009CF393 /* XcodeProjectManipulation.m */,
			);
			path = Code;
			sourceTree = "<group>";
		};
		A1DB6A541A10CE9500F6E5C5 /* Supporting Files */ = {
			isa = PBXGroup;
			children = (
				A1DB6A551A10CE9500F6E5C5 /* Info.plist */,
			);
			path = "Supporting Files";
			sourceTree = "<group>";
		};
		A1DB6A621A10D87000F6E5C5 /* Resources */ = {
			isa = PBXGroup;
			children = (
				A117BED01A238E4200C53D65 /* ContentfulModelGenerator */,
				A1DB6A6D1A10DAF100F6E5C5 /* ContentTypeSelectionDialog.xib */,
			);
			path = Resources;
			sourceTree = "<group>";
		};
		A1FB1CBA1A96479200ACE078 /* SegmentIO */ = {
			isa = PBXGroup;
			children = (
				A1FB1CBB1A9647AF00ACE078 /* BBUSegmentTracker.h */,
				A1FB1CBC1A9647AF00ACE078 /* BBUSegmentTracker.m */,
			);
			name = SegmentIO;
			sourceTree = "<group>";
		};
/* End PBXGroup section */

/* Begin PBXNativeTarget section */
		A1604E1B1A14DC1B003F916D /* ContentfulModelGenerator */ = {
			isa = PBXNativeTarget;
			buildConfigurationList = A1604E221A14DC1B003F916D /* Build configuration list for PBXNativeTarget "ContentfulModelGenerator" */;
			buildPhases = (
				F10FD8B23F40C05FDA50EFF9 /* Check Pods Manifest.lock */,
				A1604E181A14DC1B003F916D /* Sources */,
				A1604E191A14DC1B003F916D /* Frameworks */,
				A1604E1A1A14DC1B003F916D /* CopyFiles */,
				5055E2B6320CC2AD8B46BE3B /* Copy Pods Resources */,
			);
			buildRules = (
			);
			dependencies = (
			);
			name = ContentfulModelGenerator;
			productName = ContentfulModelGenerator;
			productReference = A1604E1C1A14DC1B003F916D /* ContentfulModelGenerator */;
			productType = "com.apple.product-type.tool";
		};
		A1DB6A4B1A10CE9500F6E5C5 /* ContentfulPlugin */ = {
			isa = PBXNativeTarget;
			buildConfigurationList = A1DB6A5D1A10CE9500F6E5C5 /* Build configuration list for PBXNativeTarget "ContentfulPlugin" */;
			buildPhases = (
				220D6A4F6AF6A0CA193819EC /* Check Pods Manifest.lock */,
				A1DB6A481A10CE9500F6E5C5 /* Sources */,
				A1DB6A491A10CE9500F6E5C5 /* Resources */,
				A1DB6A4A1A10CE9500F6E5C5 /* Frameworks */,
				DD207DAFB79E2E89C47446B6 /* Copy Pods Resources */,
			);
			buildRules = (
			);
			dependencies = (
			);
			name = ContentfulPlugin;
			productName = ContentfulPlugin;
			productReference = A1DB6A4C1A10CE9500F6E5C5 /* ContentfulPlugin.xcplugin */;
			productType = "com.apple.product-type.bundle";
		};
/* End PBXNativeTarget section */

/* Begin PBXProject section */
		A1DB6A441A10CE9500F6E5C5 /* Project object */ = {
			isa = PBXProject;
			attributes = {
				LastSwiftUpdateCheck = 0700;
				LastUpgradeCheck = 0720;
				ORGANIZATIONNAME = "Contentful GmbH";
				TargetAttributes = {
					A1604E1B1A14DC1B003F916D = {
						CreatedOnToolsVersion = 6.1;
					};
					A1DB6A4B1A10CE9500F6E5C5 = {
						CreatedOnToolsVersion = 6.1;
					};
				};
			};
			buildConfigurationList = A1DB6A471A10CE9500F6E5C5 /* Build configuration list for PBXProject "ContentfulPlugin" */;
			compatibilityVersion = "Xcode 3.2";
			developmentRegion = English;
			hasScannedForEncodings = 0;
			knownRegions = (
				en,
			);
			mainGroup = A1DB6A431A10CE9500F6E5C5;
			productRefGroup = A1DB6A4D1A10CE9500F6E5C5 /* Products */;
			projectDirPath = "";
			projectRoot = "";
			targets = (
				A1604E1B1A14DC1B003F916D /* ContentfulModelGenerator */,
				A1DB6A4B1A10CE9500F6E5C5 /* ContentfulPlugin */,
			);
		};
/* End PBXProject section */

/* Begin PBXResourcesBuildPhase section */
		A1DB6A491A10CE9500F6E5C5 /* Resources */ = {
			isa = PBXResourcesBuildPhase;
			buildActionMask = 2147483647;
			files = (
				A117BED11A238E4200C53D65 /* ContentfulModelGenerator in Resources */,
				A1DB6A6F1A10DAF100F6E5C5 /* ContentTypeSelectionDialog.xib in Resources */,
			);
			runOnlyForDeploymentPostprocessing = 0;
		};
/* End PBXResourcesBuildPhase section */

/* Begin PBXShellScriptBuildPhase section */
		220D6A4F6AF6A0CA193819EC /* Check Pods Manifest.lock */ = {
			isa = PBXShellScriptBuildPhase;
			buildActionMask = 2147483647;
			files = (
			);
			inputPaths = (
			);
			name = "Check Pods Manifest.lock";
			outputPaths = (
			);
			runOnlyForDeploymentPostprocessing = 0;
			shellPath = /bin/sh;
			shellScript = "diff \"${PODS_ROOT}/../Podfile.lock\" \"${PODS_ROOT}/Manifest.lock\" > /dev/null\nif [[ $? != 0 ]] ; then\n    cat << EOM\nerror: The sandbox is not in sync with the Podfile.lock. Run 'pod install' or update your CocoaPods installation.\nEOM\n    exit 1\nfi\n";
			showEnvVarsInLog = 0;
		};
		5055E2B6320CC2AD8B46BE3B /* Copy Pods Resources */ = {
			isa = PBXShellScriptBuildPhase;
			buildActionMask = 2147483647;
			files = (
			);
			inputPaths = (
			);
			name = "Copy Pods Resources";
			outputPaths = (
			);
			runOnlyForDeploymentPostprocessing = 0;
			shellPath = /bin/sh;
			shellScript = "\"${SRCROOT}/Pods/Target Support Files/Pods-ContentfulModelGenerator/Pods-ContentfulModelGenerator-resources.sh\"\n";
			showEnvVarsInLog = 0;
		};
		DD207DAFB79E2E89C47446B6 /* Copy Pods Resources */ = {
			isa = PBXShellScriptBuildPhase;
			buildActionMask = 2147483647;
			files = (
			);
			inputPaths = (
			);
			name = "Copy Pods Resources";
			outputPaths = (
			);
			runOnlyForDeploymentPostprocessing = 0;
			shellPath = /bin/sh;
			shellScript = "\"${SRCROOT}/Pods/Target Support Files/Pods-ContentfulPlugin/Pods-ContentfulPlugin-resources.sh\"\n";
			showEnvVarsInLog = 0;
		};
		F10FD8B23F40C05FDA50EFF9 /* Check Pods Manifest.lock */ = {
			isa = PBXShellScriptBuildPhase;
			buildActionMask = 2147483647;
			files = (
			);
			inputPaths = (
			);
			name = "Check Pods Manifest.lock";
			outputPaths = (
			);
			runOnlyForDeploymentPostprocessing = 0;
			shellPath = /bin/sh;
			shellScript = "diff \"${PODS_ROOT}/../Podfile.lock\" \"${PODS_ROOT}/Manifest.lock\" > /dev/null\nif [[ $? != 0 ]] ; then\n    cat << EOM\nerror: The sandbox is not in sync with the Podfile.lock. Run 'pod install' or update your CocoaPods installation.\nEOM\n    exit 1\nfi\n";
			showEnvVarsInLog = 0;
		};
/* End PBXShellScriptBuildPhase section */

/* Begin PBXSourcesBuildPhase section */
		A1604E181A14DC1B003F916D /* Sources */ = {
			isa = PBXSourcesBuildPhase;
			buildActionMask = 2147483647;
			files = (
				A1B77EBE1C20779400948DE5 /* Model.swift in Sources */,
				A1B77EB11C2076B000948DE5 /* CommandType.swift in Sources */,
				A1604E1F1A14DC1B003F916D /* main.swift in Sources */,
				A1B77EB71C20778100948DE5 /* ModelSerializer.swift in Sources */,
				A1B77EAE1C2076B000948DE5 /* Command.swift in Sources */,
				A1604E3C1A14EF1B003F916D /* ContentfulModelGenerator.m in Sources */,
				A1B77EAF1C2076B000948DE5 /* CommandRunner.swift in Sources */,
				A1B77EB81C20778100948DE5 /* XMLTools.swift in Sources */,
				A1B77EB21C2076B000948DE5 /* Group.swift in Sources */,
				A1B77EC01C20779400948DE5 /* Utilities.swift in Sources */,
				A1B77EAB1C2076B000948DE5 /* ArgumentConvertible.swift in Sources */,
				A1B77EC91C207B8C00948DE5 /* Files.swift in Sources */,
				A1B77EBF1C20779400948DE5 /* StringCreation.swift in Sources */,
				A1B77EBD1C20779400948DE5 /* ECoXiS.swift in Sources */,
				A1B77EAC1C2076B000948DE5 /* ArgumentDescription.swift in Sources */,
				A1B77ECA1C207B8C00948DE5 /* Pipes.swift in Sources */,
				A1B77EC41C207B7C00948DE5 /* FileHandle.swift in Sources */,
				A1B77EB61C20778100948DE5 /* EntitySerializer.swift in Sources */,
				A1B77ECC1C207B8C00948DE5 /* String.swift in Sources */,
				A1B77EAD1C2076B000948DE5 /* ArgumentParser.swift in Sources */,
				A1B77ECB1C207B8C00948DE5 /* Stream.swift in Sources */,
			);
			runOnlyForDeploymentPostprocessing = 0;
		};
		A1DB6A481A10CE9500F6E5C5 /* Sources */ = {
			isa = PBXSourcesBuildPhase;
			buildActionMask = 2147483647;
			files = (
				A13C067F1A26014F00C8F657 /* DJBezierPath.m in Sources */,
				A13C06881A2626A400C8F657 /* SSKeychainQuery.m in Sources */,
				A13C06871A2626A400C8F657 /* SSKeychain.m in Sources */,
				A13C06811A26014F00C8F657 /* DJProgressIndicator.m in Sources */,
				A1FB1CBD1A9647AF00ACE078 /* BBUSegmentTracker.m in Sources */,
				A13C067E1A26014F00C8F657 /* DJActivityIndicator.m in Sources */,
				A1DB6A6E1A10DAF100F6E5C5 /* ContentTypeSelectionDialog.m in Sources */,
				A1CD7B6B1A24CE61009CF393 /* XcodeProjectManipulation.m in Sources */,
				A13C06801A26014F00C8F657 /* DJProgressHUD.m in Sources */,
				A1DB6A5A1A10CE9500F6E5C5 /* ContentfulPlugin.m in Sources */,
			);
			runOnlyForDeploymentPostprocessing = 0;
		};
/* End PBXSourcesBuildPhase section */

/* Begin XCBuildConfiguration section */
		A1604E201A14DC1B003F916D /* Debug */ = {
			isa = XCBuildConfiguration;
			baseConfigurationReference = C48FF99824D2B350DD74FB8E /* Pods-ContentfulModelGenerator.debug.xcconfig */;
			buildSettings = {
				FRAMEWORK_SEARCH_PATHS = (
					"$(inherited)",
					"$(PROJECT_DIR)",
				);
				GCC_PREPROCESSOR_DEFINITIONS = (
					"DEBUG=1",
					"$(inherited)",
				);
				MACOSX_DEPLOYMENT_TARGET = 10.9;
				PRODUCT_NAME = "$(TARGET_NAME)";
				SDKROOT = macosx;
				SWIFT_OBJC_BRIDGING_HEADER = "Code/ContentfulModelGenerator-Bridge.h";
				SWIFT_OPTIMIZATION_LEVEL = "-Onone";
			};
			name = Debug;
		};
		A1604E211A14DC1B003F916D /* Release */ = {
			isa = XCBuildConfiguration;
			baseConfigurationReference = DD57C74B0474C375139CE7F5 /* Pods-ContentfulModelGenerator.release.xcconfig */;
			buildSettings = {
				DEBUG_INFORMATION_FORMAT = "dwarf-with-dsym";
				FRAMEWORK_SEARCH_PATHS = (
					"$(inherited)",
					"$(PROJECT_DIR)",
				);
				MACOSX_DEPLOYMENT_TARGET = 10.9;
				PRODUCT_NAME = "$(TARGET_NAME)";
				SDKROOT = macosx;
				SWIFT_OBJC_BRIDGING_HEADER = "Code/ContentfulModelGenerator-Bridge.h";
			};
			name = Release;
		};
		A1DB6A5B1A10CE9500F6E5C5 /* Debug */ = {
			isa = XCBuildConfiguration;
			buildSettings = {
				ALWAYS_SEARCH_USER_PATHS = NO;
				CLANG_CXX_LANGUAGE_STANDARD = "gnu++0x";
				CLANG_CXX_LIBRARY = "libc++";
				CLANG_ENABLE_MODULES = YES;
				CLANG_ENABLE_OBJC_ARC = YES;
				CLANG_WARN_BOOL_CONVERSION = YES;
				CLANG_WARN_CONSTANT_CONVERSION = YES;
				CLANG_WARN_DIRECT_OBJC_ISA_USAGE = YES_ERROR;
				CLANG_WARN_EMPTY_BODY = YES;
				CLANG_WARN_ENUM_CONVERSION = YES;
				CLANG_WARN_INT_CONVERSION = YES;
				CLANG_WARN_OBJC_ROOT_CLASS = YES_ERROR;
				CLANG_WARN_UNREACHABLE_CODE = YES;
				CLANG_WARN__DUPLICATE_METHOD_MATCH = YES;
				COPY_PHASE_STRIP = NO;
				ENABLE_STRICT_OBJC_MSGSEND = YES;
				ENABLE_TESTABILITY = YES;
				GCC_C_LANGUAGE_STANDARD = gnu99;
				GCC_DYNAMIC_NO_PIC = NO;
				GCC_OPTIMIZATION_LEVEL = 0;
				GCC_PREPROCESSOR_DEFINITIONS = (
					"DEBUG=1",
					"$(inherited)",
				);
				GCC_SYMBOLS_PRIVATE_EXTERN = NO;
				GCC_WARN_64_TO_32_BIT_CONVERSION = YES;
				GCC_WARN_ABOUT_RETURN_TYPE = YES_ERROR;
				GCC_WARN_UNDECLARED_SELECTOR = YES;
				GCC_WARN_UNINITIALIZED_AUTOS = YES_AGGRESSIVE;
				GCC_WARN_UNUSED_FUNCTION = YES;
				GCC_WARN_UNUSED_VARIABLE = YES;
				MACOSX_DEPLOYMENT_TARGET = 10.9;
				MTL_ENABLE_DEBUG_INFO = YES;
				ONLY_ACTIVE_ARCH = YES;
			};
			name = Debug;
		};
		A1DB6A5C1A10CE9500F6E5C5 /* Release */ = {
			isa = XCBuildConfiguration;
			buildSettings = {
				ALWAYS_SEARCH_USER_PATHS = NO;
				CLANG_CXX_LANGUAGE_STANDARD = "gnu++0x";
				CLANG_CXX_LIBRARY = "libc++";
				CLANG_ENABLE_MODULES = YES;
				CLANG_ENABLE_OBJC_ARC = YES;
				CLANG_WARN_BOOL_CONVERSION = YES;
				CLANG_WARN_CONSTANT_CONVERSION = YES;
				CLANG_WARN_DIRECT_OBJC_ISA_USAGE = YES_ERROR;
				CLANG_WARN_EMPTY_BODY = YES;
				CLANG_WARN_ENUM_CONVERSION = YES;
				CLANG_WARN_INT_CONVERSION = YES;
				CLANG_WARN_OBJC_ROOT_CLASS = YES_ERROR;
				CLANG_WARN_UNREACHABLE_CODE = YES;
				CLANG_WARN__DUPLICATE_METHOD_MATCH = YES;
				COPY_PHASE_STRIP = YES;
				ENABLE_NS_ASSERTIONS = NO;
				ENABLE_STRICT_OBJC_MSGSEND = YES;
				GCC_C_LANGUAGE_STANDARD = gnu99;
				GCC_WARN_64_TO_32_BIT_CONVERSION = YES;
				GCC_WARN_ABOUT_RETURN_TYPE = YES_ERROR;
				GCC_WARN_UNDECLARED_SELECTOR = YES;
				GCC_WARN_UNINITIALIZED_AUTOS = YES_AGGRESSIVE;
				GCC_WARN_UNUSED_FUNCTION = YES;
				GCC_WARN_UNUSED_VARIABLE = YES;
				MACOSX_DEPLOYMENT_TARGET = 10.9;
				MTL_ENABLE_DEBUG_INFO = NO;
			};
			name = Release;
		};
		A1DB6A5E1A10CE9500F6E5C5 /* Debug */ = {
			isa = XCBuildConfiguration;
			baseConfigurationReference = 64D05EB3EB92A288E05E68A0 /* Pods-ContentfulPlugin.debug.xcconfig */;
			buildSettings = {
				COMBINE_HIDPI_IMAGES = YES;
				DEPLOYMENT_LOCATION = YES;
				DSTROOT = "$(HOME)";
				FRAMEWORK_SEARCH_PATHS = (
					"$(inherited)",
					"$(PROJECT_DIR)",
					"$(PROJECT_DIR)/Resources",
				);
				HEADER_SEARCH_PATHS = (
					"$(inherited)",
					/Applications/Xcode.app/Contents/Developer/Toolchains/XcodeDefault.xctoolchain/usr/include,
					"$(SRCROOT)/vendor/xcproj/",
				);
				INFOPLIST_FILE = "Supporting Files/Info.plist";
				INSTALL_PATH = "/Library/Application Support/Developer/Shared/Xcode/Plug-ins";
				LIBRARY_SEARCH_PATHS = "$(inherited)";
				MACOSX_DEPLOYMENT_TARGET = 10.9;
				PRODUCT_BUNDLE_IDENTIFIER = "com.contentful.$(PRODUCT_NAME:rfc1034identifier)";
				PRODUCT_NAME = "$(TARGET_NAME)";
				WARNING_CFLAGS = "-Wno-undeclared-selector";
				WRAPPER_EXTENSION = xcplugin;
			};
			name = Debug;
		};
		A1DB6A5F1A10CE9500F6E5C5 /* Release */ = {
			isa = XCBuildConfiguration;
			baseConfigurationReference = 5CF20D27CF7AAD1D7E583C79 /* Pods-ContentfulPlugin.release.xcconfig */;
			buildSettings = {
				COMBINE_HIDPI_IMAGES = YES;
				DEPLOYMENT_LOCATION = YES;
				DSTROOT = "$(HOME)";
				FRAMEWORK_SEARCH_PATHS = (
					"$(inherited)",
					"$(PROJECT_DIR)",
					"$(PROJECT_DIR)/Resources",
				);
				HEADER_SEARCH_PATHS = (
					"$(inherited)",
					/Applications/Xcode.app/Contents/Developer/Toolchains/XcodeDefault.xctoolchain/usr/include,
					"$(SRCROOT)/vendor/xcproj/",
				);
				INFOPLIST_FILE = "Supporting Files/Info.plist";
				INSTALL_PATH = "/Library/Application Support/Developer/Shared/Xcode/Plug-ins";
				LIBRARY_SEARCH_PATHS = "$(inherited)";
				MACOSX_DEPLOYMENT_TARGET = 10.9;
				PRODUCT_BUNDLE_IDENTIFIER = "com.contentful.$(PRODUCT_NAME:rfc1034identifier)";
				PRODUCT_NAME = "$(TARGET_NAME)";
				WARNING_CFLAGS = "-Wno-undeclared-selector";
				WRAPPER_EXTENSION = xcplugin;
			};
			name = Release;
		};
/* End XCBuildConfiguration section */

/* Begin XCConfigurationList section */
		A1604E221A14DC1B003F916D /* Build configuration list for PBXNativeTarget "ContentfulModelGenerator" */ = {
			isa = XCConfigurationList;
			buildConfigurations = (
				A1604E201A14DC1B003F916D /* Debug */,
				A1604E211A14DC1B003F916D /* Release */,
			);
			defaultConfigurationIsVisible = 0;
			defaultConfigurationName = Release;
		};
		A1DB6A471A10CE9500F6E5C5 /* Build configuration list for PBXProject "ContentfulPlugin" */ = {
			isa = XCConfigurationList;
			buildConfigurations = (
				A1DB6A5B1A10CE9500F6E5C5 /* Debug */,
				A1DB6A5C1A10CE9500F6E5C5 /* Release */,
			);
			defaultConfigurationIsVisible = 0;
			defaultConfigurationName = Release;
		};
		A1DB6A5D1A10CE9500F6E5C5 /* Build configuration list for PBXNativeTarget "ContentfulPlugin" */ = {
			isa = XCConfigurationList;
			buildConfigurations = (
				A1DB6A5E1A10CE9500F6E5C5 /* Debug */,
				A1DB6A5F1A10CE9500F6E5C5 /* Release */,
			);
			defaultConfigurationIsVisible = 0;
			defaultConfigurationName = Release;
		};
/* End XCConfigurationList section */
	};
	rootObject = A1DB6A441A10CE9500F6E5C5 /* Project object */;
}
